
Microsoft Visual Studio Solution File, Format Version 12.00
# Visual Studio 15
VisualStudioVersion = 15.0.28010.2046
MinimumVisualStudioVersion = 10.0.40219.1
Project("{FAE04EC0-301F-11D3-BF4B-00C04F79EFBC}") = "Automation", "Automation\Automation.csproj", "{673FD433-C82C-4802-A348-4571641805D1}"
EndProject
Global
	GlobalSection(SolutionConfigurationPlatforms) = preSolution
		Debug|Any CPU = Debug|Any CPU
		Release|Any CPU = Release|Any CPU
	EndGlobalSection
	GlobalSection(ProjectConfigurationPlatforms) = postSolution
		{673FD433-C82C-4802-A348-4571641805D1}.Debug|Any CPU.ActiveCfg = Debug|Any CPU
		{673FD433-C82C-4802-A348-4571641805D1}.Debug|Any CPU.Build.0 = Debug|Any CPU
		{673FD433-C82C-4802-A348-4571641805D1}.Release|Any CPU.ActiveCfg = Release|Any CPU
		{673FD433-C82C-4802-A348-4571641805D1}.Release|Any CPU.Build.0 = Release|Any CPU
	EndGlobalSection
	GlobalSection(SolutionProperties) = preSolution
		HideSolutionNode = FALSE
	EndGlobalSection
	GlobalSection(ExtensibilityGlobals) = postSolution
		SolutionGuid = {0933F438-43DE-47C2-B5F6-E5A3771294CC}
	EndGlobalSection
EndGlobal
